
Microsoft Visual Studio Solution File, Format Version 12.00
# Visual Studio Version 16
VisualStudioVersion = 16.0.31205.134
MinimumVisualStudioVersion = 10.0.40219.1
Project("{8BC9CEB8-8B4A-11D0-8D11-00A0C91BC942}") = "MoisturingSystem", "MoisturingSystem.vcxproj", "{C5F80730-F44F-4478-BDAE-6634EFC2CA88}"
EndProject
Project("{8BC9CEB8-8B4A-11D0-8D11-00A0C91BC942}") = "EEPROM-2.0", "Libraries\EEPROM\2.0\EEPROM\EEPROM-2.0.vcxitems", "{7ED39253-9AF4-40D7-A827-5294BE2521E2}"
EndProject
Project("{8BC9CEB8-8B4A-11D0-8D11-00A0C91BC942}") = "Adafruit_GFX_Library-1.10.7", "Libraries\Adafruit_GFX_Library\1.10.7\Adafruit_GFX_Library\Adafruit_GFX_Library-1.10.7.vcxitems", "{EC0B6D24-5959-4C1E-8A06-876660944364}"
EndProject
Project("{8BC9CEB8-8B4A-11D0-8D11-00A0C91BC942}") = "Adafruit_SSD1306-2.4.6", "Libraries\Adafruit_SSD1306\2.4.6\Adafruit_SSD1306\Adafruit_SSD1306-2.4.6.vcxitems", "{942ED738-016D-4ADF-8987-826E53942EE1}"
EndProject
Project("{8BC9CEB8-8B4A-11D0-8D11-00A0C91BC942}") = "Preferences-1.0", "Libraries\Preferences\1.0\Preferences\Preferences-1.0.vcxitems", "{9E999E54-1A51-4357-9BA8-ED414DBCDBC5}"
EndProject
Project("{8BC9CEB8-8B4A-11D0-8D11-00A0C91BC942}") = "ESP32-1.0", "Libraries\ESP32\1.0\ESP32\ESP32-1.0.vcxitems", "{FC30DC7E-D077-4E6B-99D5-C33734B1DB52}"
EndProject
Global
	GlobalSection(SharedMSBuildProjectFiles) = preSolution
		Libraries\EEPROM\2.0\EEPROM\EEPROM-2.0.vcxitems*{7ed39253-9af4-40d7-a827-5294be2521e2}*SharedItemsImports = 9
		Libraries\Adafruit_SSD1306\2.4.6\Adafruit_SSD1306\Adafruit_SSD1306-2.4.6.vcxitems*{942ed738-016d-4adf-8987-826e53942ee1}*SharedItemsImports = 9
		Libraries\Preferences\1.0\Preferences\Preferences-1.0.vcxitems*{9e999e54-1a51-4357-9ba8-ed414dbcdbc5}*SharedItemsImports = 9
		Libraries\Adafruit_GFX_Library\1.10.7\Adafruit_GFX_Library\Adafruit_GFX_Library-1.10.7.vcxitems*{c5f80730-f44f-4478-bdae-6634efc2ca88}*SharedItemsImports = 4
		Libraries\Adafruit_SSD1306\2.4.6\Adafruit_SSD1306\Adafruit_SSD1306-2.4.6.vcxitems*{c5f80730-f44f-4478-bdae-6634efc2ca88}*SharedItemsImports = 4
		Libraries\EEPROM\2.0\EEPROM\EEPROM-2.0.vcxitems*{c5f80730-f44f-4478-bdae-6634efc2ca88}*SharedItemsImports = 4
		Libraries\ESP32\1.0\ESP32\ESP32-1.0.vcxitems*{c5f80730-f44f-4478-bdae-6634efc2ca88}*SharedItemsImports = 4
		Libraries\Preferences\1.0\Preferences\Preferences-1.0.vcxitems*{c5f80730-f44f-4478-bdae-6634efc2ca88}*SharedItemsImports = 4
		Libraries\Adafruit_GFX_Library\1.10.7\Adafruit_GFX_Library\Adafruit_GFX_Library-1.10.7.vcxitems*{ec0b6d24-5959-4c1e-8a06-876660944364}*SharedItemsImports = 9
		Libraries\ESP32\1.0\ESP32\ESP32-1.0.vcxitems*{fc30dc7e-d077-4e6b-99d5-c33734b1db52}*SharedItemsImports = 9
	EndGlobalSection
	GlobalSection(SolutionConfigurationPlatforms) = preSolution
		Debug|x86 = Debug|x86
		Release|x86 = Release|x86
	EndGlobalSection
	GlobalSection(ProjectConfigurationPlatforms) = postSolution
		{C5F80730-F44F-4478-BDAE-6634EFC2CA88}.Debug|x86.ActiveCfg = Debug|Win32
		{C5F80730-F44F-4478-BDAE-6634EFC2CA88}.Debug|x86.Build.0 = Debug|Win32
		{C5F80730-F44F-4478-BDAE-6634EFC2CA88}.Release|x86.ActiveCfg = Release|Win32
		{C5F80730-F44F-4478-BDAE-6634EFC2CA88}.Release|x86.Build.0 = Release|Win32
	EndGlobalSection
	GlobalSection(SolutionProperties) = preSolution
		HideSolutionNode = FALSE
	EndGlobalSection
	GlobalSection(ExtensibilityGlobals) = postSolution
		SolutionGuid = {C316EB89-9E2D-411C-A6F8-3E38BA58678F}
	EndGlobalSection
EndGlobal
